lockfileVersion: '9.0'

settings:
  autoInstallPeers: true
  excludeLinksFromLockfile: false

importers:

  .:
    dependencies:
      aws4fetch:
        specifier: ^1.0.20
        version: 1.0.20
      nanoid:
        specifier: ^5.1.11
        version: 5.1.11
    devDependencies:
      '@recast/design':
        specifier: workspace:*
        version: link:../../packages/design
      '@recast/player':
        specifier: workspace:*
        version: link:../../packages/player
      '@recast/ui':
        specifier: workspace:*
        version: link:../../packages/ui

packages:

  aws4fetch@1.0.20:
    resolution: {integrity: sha512-/djoAN709iY65ETD6LKCtyyEI04XIBP5xVvfmNxsEP0uJB5tyaGBztSryRr4HqMStr9R06PisQE7m9zDTXKu6g==}

  nanoid@5.1.11:
    resolution: {integrity: sha512-v+KEsUv2ps74PaSKv0gHTxTCgMXOIfBEbaqa6w6ISIGC7ZsvHN4N9oJ8d4cmf0n5oTzQz2SLmThbQWhjd/8eKg==}
    engines: {node: ^18 || >=20}
    hasBin: true

snapshots:

  aws4fetch@1.0.20: {}

  nanoid@5.1.11: {}
